
Microsoft Visual Studio Solution File, Format Version 12.00
# Visual Studio Version 17
VisualStudioVersion = 17.9.34728.123
MinimumVisualStudioVersion = 10.0.40219.1
Project("{FAE04EC0-301F-11D3-BF4B-00C04F79EFBC}") = "Hangman", "Hangman\Hangman.csproj", "{34B20DF8-4E98-46F9-8FF8-6EA8CBD3015D}"
EndProject
Project("{54435603-DBB4-11D2-8724-00A0C9A8B90C}") = "Hangman_Setup", "Hangman_Setup\Hangman_Setup.vdproj", "{2E092DBD-0B12-422A-8B36-4BB7793EB8F6}"
EndProject
Project("{840C416C-B8F3-42BC-B0DD-F6BB14C9F8CB}") = "Hangman_Setup_Advanced", "Hangman_Setup_Advanced\Hangman_Setup_Advanced.aiproj", "{68230BFE-6FCE-4C23-8D96-FA3422CC1965}"
EndProject
Global
	GlobalSection(SolutionConfigurationPlatforms) = preSolution
		All|Any CPU = All|Any CPU
		Debug|Any CPU = Debug|Any CPU
		Release|Any CPU = Release|Any CPU
	EndGlobalSection
	GlobalSection(ProjectConfigurationPlatforms) = postSolution
		{34B20DF8-4E98-46F9-8FF8-6EA8CBD3015D}.All|Any CPU.ActiveCfg = Release|Any CPU
		{34B20DF8-4E98-46F9-8FF8-6EA8CBD3015D}.All|Any CPU.Build.0 = Release|Any CPU
		{34B20DF8-4E98-46F9-8FF8-6EA8CBD3015D}.Debug|Any CPU.ActiveCfg = Debug|Any CPU
		{34B20DF8-4E98-46F9-8FF8-6EA8CBD3015D}.Debug|Any CPU.Build.0 = Debug|Any CPU
		{34B20DF8-4E98-46F9-8FF8-6EA8CBD3015D}.Release|Any CPU.ActiveCfg = Release|Any CPU
		{34B20DF8-4E98-46F9-8FF8-6EA8CBD3015D}.Release|Any CPU.Build.0 = Release|Any CPU
		{2E092DBD-0B12-422A-8B36-4BB7793EB8F6}.All|Any CPU.ActiveCfg = Release
		{2E092DBD-0B12-422A-8B36-4BB7793EB8F6}.All|Any CPU.Build.0 = Release
		{2E092DBD-0B12-422A-8B36-4BB7793EB8F6}.Debug|Any CPU.ActiveCfg = Debug
		{2E092DBD-0B12-422A-8B36-4BB7793EB8F6}.Release|Any CPU.ActiveCfg = Release
		{68230BFE-6FCE-4C23-8D96-FA3422CC1965}.All|Any CPU.ActiveCfg = DefaultBuild
		{68230BFE-6FCE-4C23-8D96-FA3422CC1965}.All|Any CPU.Build.0 = DefaultBuild
		{68230BFE-6FCE-4C23-8D96-FA3422CC1965}.Debug|Any CPU.ActiveCfg = DefaultBuild
		{68230BFE-6FCE-4C23-8D96-FA3422CC1965}.Debug|Any CPU.Build.0 = DefaultBuild
		{68230BFE-6FCE-4C23-8D96-FA3422CC1965}.Release|Any CPU.ActiveCfg = DefaultBuild
		{68230BFE-6FCE-4C23-8D96-FA3422CC1965}.Release|Any CPU.Build.0 = DefaultBuild
	EndGlobalSection
	GlobalSection(SolutionProperties) = preSolution
		HideSolutionNode = FALSE
	EndGlobalSection
	GlobalSection(ExtensibilityGlobals) = postSolution
		SolutionGuid = {FD0AF226-79B7-42FC-9C2E-9447C44BE611}
	EndGlobalSection
EndGlobal
